
Microsoft Visual Studio Solution File, Format Version 12.00
# Visual Studio 15
VisualStudioVersion = 15.0.28307.489
MinimumVisualStudioVersion = 10.0.40219.1
Project("{FAE04EC0-301F-11D3-BF4B-00C04F79EFBC}") = "HM10", "HM10\HM10.csproj", "{45BC3C70-A3BA-461A-9500-E4118D1BC3FC}"
EndProject
Global
	GlobalSection(SolutionConfigurationPlatforms) = preSolution
		Debug|Any CPU = Debug|Any CPU
		Release|Any CPU = Release|Any CPU
	EndGlobalSection
	GlobalSection(ProjectConfigurationPlatforms) = postSolution
		{45BC3C70-A3BA-461A-9500-E4118D1BC3FC}.Debug|Any CPU.ActiveCfg = Debug|Any CPU
		{45BC3C70-A3BA-461A-9500-E4118D1BC3FC}.Debug|Any CPU.Build.0 = Debug|Any CPU
		{45BC3C70-A3BA-461A-9500-E4118D1BC3FC}.Release|Any CPU.ActiveCfg = Release|Any CPU
		{45BC3C70-A3BA-461A-9500-E4118D1BC3FC}.Release|Any CPU.Build.0 = Release|Any CPU
	EndGlobalSection
	GlobalSection(SolutionProperties) = preSolution
		HideSolutionNode = FALSE
	EndGlobalSection
	GlobalSection(ExtensibilityGlobals) = postSolution
		SolutionGuid = {CC87E029-0475-4965-80EC-E66E807242A7}
	EndGlobalSection
EndGlobal
