
Microsoft Visual Studio Solution File, Format Version 12.00
# Visual Studio 15
VisualStudioVersion = 15.0.27130.2027
MinimumVisualStudioVersion = 10.0.40219.1
Project("{FAE04EC0-301F-11D3-BF4B-00C04F79EFBC}") = "HM_05", "HM_05\HM_05.csproj", "{E320F3B8-8FF7-4E5E-ABE1-FCDF92C4B8B7}"
EndProject
Project("{FAE04EC0-301F-11D3-BF4B-00C04F79EFBC}") = "HM_05.1", "HM_05.1\HM_05.1.csproj", "{0901AE75-946B-43A3-B96F-05EE9D0826E1}"
EndProject
Global
	GlobalSection(SolutionConfigurationPlatforms) = preSolution
		Debug|Any CPU = Debug|Any CPU
		Release|Any CPU = Release|Any CPU
	EndGlobalSection
	GlobalSection(ProjectConfigurationPlatforms) = postSolution
		{E320F3B8-8FF7-4E5E-ABE1-FCDF92C4B8B7}.Debug|Any CPU.ActiveCfg = Debug|Any CPU
		{E320F3B8-8FF7-4E5E-ABE1-FCDF92C4B8B7}.Debug|Any CPU.Build.0 = Debug|Any CPU
		{E320F3B8-8FF7-4E5E-ABE1-FCDF92C4B8B7}.Release|Any CPU.ActiveCfg = Release|Any CPU
		{E320F3B8-8FF7-4E5E-ABE1-FCDF92C4B8B7}.Release|Any CPU.Build.0 = Release|Any CPU
		{0901AE75-946B-43A3-B96F-05EE9D0826E1}.Debug|Any CPU.ActiveCfg = Debug|Any CPU
		{0901AE75-946B-43A3-B96F-05EE9D0826E1}.Debug|Any CPU.Build.0 = Debug|Any CPU
		{0901AE75-946B-43A3-B96F-05EE9D0826E1}.Release|Any CPU.ActiveCfg = Release|Any CPU
		{0901AE75-946B-43A3-B96F-05EE9D0826E1}.Release|Any CPU.Build.0 = Release|Any CPU
	EndGlobalSection
	GlobalSection(SolutionProperties) = preSolution
		HideSolutionNode = FALSE
	EndGlobalSection
	GlobalSection(ExtensibilityGlobals) = postSolution
		SolutionGuid = {CAB4651A-A3AB-4098-A6F0-29F452262F9D}
	EndGlobalSection
EndGlobal
