
Microsoft Visual Studio Solution File, Format Version 12.00
# Visual Studio 15
VisualStudioVersion = 15.0.28307.489
MinimumVisualStudioVersion = 10.0.40219.1
Project("{FAE04EC0-301F-11D3-BF4B-00C04F79EFBC}") = "AssemblyOne", "AssemblyOne\AssemblyOne.csproj", "{A198E596-CEA1-47CF-B316-3ECBEF70A893}"
EndProject
Project("{FAE04EC0-301F-11D3-BF4B-00C04F79EFBC}") = "AssemblyTwo", "AssemblyTwo\AssemblyTwo.csproj", "{AFD4C11F-A726-4FEB-BDF7-C136383AB824}"
EndProject
Global
	GlobalSection(SolutionConfigurationPlatforms) = preSolution
		Debug|Any CPU = Debug|Any CPU
		Release|Any CPU = Release|Any CPU
	EndGlobalSection
	GlobalSection(ProjectConfigurationPlatforms) = postSolution
		{A198E596-CEA1-47CF-B316-3ECBEF70A893}.Debug|Any CPU.ActiveCfg = Debug|Any CPU
		{A198E596-CEA1-47CF-B316-3ECBEF70A893}.Debug|Any CPU.Build.0 = Debug|Any CPU
		{A198E596-CEA1-47CF-B316-3ECBEF70A893}.Release|Any CPU.ActiveCfg = Release|Any CPU
		{A198E596-CEA1-47CF-B316-3ECBEF70A893}.Release|Any CPU.Build.0 = Release|Any CPU
		{AFD4C11F-A726-4FEB-BDF7-C136383AB824}.Debug|Any CPU.ActiveCfg = Debug|Any CPU
		{AFD4C11F-A726-4FEB-BDF7-C136383AB824}.Debug|Any CPU.Build.0 = Debug|Any CPU
		{AFD4C11F-A726-4FEB-BDF7-C136383AB824}.Release|Any CPU.ActiveCfg = Release|Any CPU
		{AFD4C11F-A726-4FEB-BDF7-C136383AB824}.Release|Any CPU.Build.0 = Release|Any CPU
	EndGlobalSection
	GlobalSection(SolutionProperties) = preSolution
		HideSolutionNode = FALSE
	EndGlobalSection
	GlobalSection(ExtensibilityGlobals) = postSolution
		SolutionGuid = {DCF383BF-F80D-475C-AC22-855B89B12466}
	EndGlobalSection
EndGlobal
